<?xml version="1.0" encoding="utf-8"?>
<Project ToolsVersion="4.0" xmlns="http://schemas.microsoft.com/developer/msbuild/2003">
  <ItemGroup>
    <Filter Include="Source Files">
      <UniqueIdentifier>{4FC737F1-C7A5-4376-A066-2A32D752A2FF}</UniqueIdentifier>
      <Extensions>cpp;c;cc;cxx;def;odl;idl;hpj;bat;asm;asmx</Extensions>
    </Filter>
    <Filter Include="Header Files">
      <UniqueIdentifier>{93995380-89BD-4b04-88EB-625FBE52EBFB}</UniqueIdentifier>
      <Extensions>h;hpp;hxx;hm;inl;inc;xsd</Extensions>
    </Filter>
    <Filter Include="Resource Files">
      <UniqueIdentifier>{67DA6AB6-F800-4c08-8B7A-83BB121AAD01}</UniqueIdentifier>
      <Extensions>rc;ico;cur;bmp;dlg;rc2;rct;bin;rgs;gif;jpg;jpeg;jpe;resx;tiff;tif;png;wav</Extensions>
    </Filter>
    <Filter Include="blocks">
      <UniqueIdentifier>{bf473dcf-6d4b-41c8-a801-089cd8b26978}</UniqueIdentifier>
    </Filter>
    <Filter Include="blocks\Clipper">
      <UniqueIdentifier>{1eeff6b1-7719-471a-be4f-e93b192f3cb8}</UniqueIdentifier>
    </Filter>
    <Filter Include="blocks\Clipper\include">
      <UniqueIdentifier>{3fc49f88-3aba-4ce9-b9e9-a36662584116}</UniqueIdentifier>
    </Filter>
    <Filter Include="blocks\Clipper\src">
      <UniqueIdentifier>{bb864843-b57d-4b8a-ae7b-9f8197f4e5bf}</UniqueIdentifier>
    </Filter>
    <Filter Include="blocks\Box2D">
      <UniqueIdentifier>{b5250d17-e424-4521-96b8-abcf01edce0a}</UniqueIdentifier>
    </Filter>
    <Filter Include="blocks\Box2D\src">
      <UniqueIdentifier>{487e9531-828d-4d5b-91c6-3f9b75b1602b}</UniqueIdentifier>
    </Filter>
    <Filter Include="blocks\Box2D\src\Box2D">
      <UniqueIdentifier>{7fb508f6-adc2-49c5-867f-50df2ffbb1c6}</UniqueIdentifier>
    </Filter>
    <Filter Include="blocks\Box2D\src\Box2D\Collision">
      <UniqueIdentifier>{78f0cca5-b55e-4a6f-aa60-9e15b888a47f}</UniqueIdentifier>
    </Filter>
    <Filter Include="blocks\Box2D\src\Box2D\Collision\Shapes">
      <UniqueIdentifier>{2ec41cff-03ef-4fce-9abf-71a40aacca17}</UniqueIdentifier>
    </Filter>
    <Filter Include="blocks\Box2D\src\Box2D\Common">
      <UniqueIdentifier>{b42719b9-a610-41d3-8c47-83d27abb047c}</UniqueIdentifier>
    </Filter>
    <Filter Include="blocks\Box2D\src\Box2D\Dynamics">
      <UniqueIdentifier>{2174eb2a-7c85-432b-a18b-fc4300fa2650}</UniqueIdentifier>
    </Filter>
    <Filter Include="blocks\Box2D\src\Box2D\Dynamics\Contacts">
      <UniqueIdentifier>{0a0f1364-868b-4cf9-99cb-998d51eb577d}</UniqueIdentifier>
    </Filter>
    <Filter Include="blocks\Box2D\src\Box2D\Dynamics\Joints">
      <UniqueIdentifier>{ba41ac56-b502-4844-96b2-00421319d614}</UniqueIdentifier>
    </Filter>
    <Filter Include="blocks\Box2D\src\Box2D\Rope">
      <UniqueIdentifier>{32694ac8-b1f1-40cc-b49a-3cf55de13c90}</UniqueIdentifier>
    </Filter>
  </ItemGroup>
  <ItemGroup>
    <ResourceCompile Include="Resources.rc">
      <Filter>Resource Files</Filter>
    </ResourceCompile>
  </ItemGroup>
  <ItemGroup>
    <ClCompile Include="..\..\..\..\..\cinder\Cinder\blocks\Clipper\src\CinderClipper.cpp">
      <Filter>blocks\Clipper\src</Filter>
    </ClCompile>
    <ClCompile Include="..\..\..\..\..\cinder\Cinder\blocks\Clipper\src\clipper.cpp">
      <Filter>blocks\Clipper\src</Filter>
    </ClCompile>
    <ClCompile Include="..\..\..\..\..\cinder\Cinder\blocks\Box2D\src\Box2D\Collision\b2BroadPhase.cpp">
      <Filter>blocks\Box2D\src\Box2D\Collision</Filter>
    </ClCompile>
    <ClCompile Include="..\..\..\..\..\cinder\Cinder\blocks\Box2D\src\Box2D\Collision\b2CollideCircle.cpp">
      <Filter>blocks\Box2D\src\Box2D\Collision</Filter>
    </ClCompile>
    <ClCompile Include="..\..\..\..\..\cinder\Cinder\blocks\Box2D\src\Box2D\Collision\b2CollideEdge.cpp">
      <Filter>blocks\Box2D\src\Box2D\Collision</Filter>
    </ClCompile>
    <ClCompile Include="..\..\..\..\..\cinder\Cinder\blocks\Box2D\src\Box2D\Collision\b2CollidePolygon.cpp">
      <Filter>blocks\Box2D\src\Box2D\Collision</Filter>
    </ClCompile>
    <ClCompile Include="..\..\..\..\..\cinder\Cinder\blocks\Box2D\src\Box2D\Collision\b2Collision.cpp">
      <Filter>blocks\Box2D\src\Box2D\Collision</Filter>
    </ClCompile>
    <ClCompile Include="..\..\..\..\..\cinder\Cinder\blocks\Box2D\src\Box2D\Collision\b2Distance.cpp">
      <Filter>blocks\Box2D\src\Box2D\Collision</Filter>
    </ClCompile>
    <ClCompile Include="..\..\..\..\..\cinder\Cinder\blocks\Box2D\src\Box2D\Collision\b2DynamicTree.cpp">
      <Filter>blocks\Box2D\src\Box2D\Collision</Filter>
    </ClCompile>
    <ClCompile Include="..\..\..\..\..\cinder\Cinder\blocks\Box2D\src\Box2D\Collision\b2TimeOfImpact.cpp">
      <Filter>blocks\Box2D\src\Box2D\Collision</Filter>
    </ClCompile>
    <ClCompile Include="..\..\..\..\..\cinder\Cinder\blocks\Box2D\src\Box2D\Collision\Shapes\b2CircleShape.cpp">
      <Filter>blocks\Box2D\src\Box2D\Collision\Shapes</Filter>
    </ClCompile>
    <ClCompile Include="..\..\..\..\..\cinder\Cinder\blocks\Box2D\src\Box2D\Collision\Shapes\b2EdgeShape.cpp">
      <Filter>blocks\Box2D\src\Box2D\Collision\Shapes</Filter>
    </ClCompile>
    <ClCompile Include="..\..\..\..\..\cinder\Cinder\blocks\Box2D\src\Box2D\Collision\Shapes\b2PolygonShape.cpp">
      <Filter>blocks\Box2D\src\Box2D\Collision\Shapes</Filter>
    </ClCompile>
    <ClCompile Include="..\..\..\..\..\cinder\Cinder\blocks\Box2D\src\Box2D\Collision\Shapes\b2ChainShape.cpp">
      <Filter>blocks\Box2D\src\Box2D\Collision\Shapes</Filter>
    </ClCompile>
    <ClCompile Include="..\..\..\..\..\cinder\Cinder\blocks\Box2D\src\Box2D\Common\b2Math.cpp">
      <Filter>blocks\Box2D\src\Box2D\Common</Filter>
    </ClCompile>
    <ClCompile Include="..\..\..\..\..\cinder\Cinder\blocks\Box2D\src\Box2D\Common\b2Settings.cpp">
      <Filter>blocks\Box2D\src\Box2D\Common</Filter>
    </ClCompile>
    <ClCompile Include="..\..\..\..\..\cinder\Cinder\blocks\Box2D\src\Box2D\Common\b2StackAllocator.cpp">
      <Filter>blocks\Box2D\src\Box2D\Common</Filter>
    </ClCompile>
    <ClCompile Include="..\..\..\..\..\cinder\Cinder\blocks\Box2D\src\Box2D\Common\b2Timer.cpp">
      <Filter>blocks\Box2D\src\Box2D\Common</Filter>
    </ClCompile>
    <ClCompile Include="..\..\..\..\..\cinder\Cinder\blocks\Box2D\src\Box2D\Common\b2BlockAllocator.cpp">
      <Filter>blocks\Box2D\src\Box2D\Common</Filter>
    </ClCompile>
    <ClCompile Include="..\..\..\..\..\cinder\Cinder\blocks\Box2D\src\Box2D\Common\b2Draw.cpp">
      <Filter>blocks\Box2D\src\Box2D\Common</Filter>
    </ClCompile>
    <ClCompile Include="..\..\..\..\..\cinder\Cinder\blocks\Box2D\src\Box2D\Dynamics\b2Body.cpp">
      <Filter>blocks\Box2D\src\Box2D\Dynamics</Filter>
    </ClCompile>
    <ClCompile Include="..\..\..\..\..\cinder\Cinder\blocks\Box2D\src\Box2D\Dynamics\b2ContactManager.cpp">
      <Filter>blocks\Box2D\src\Box2D\Dynamics</Filter>
    </ClCompile>
    <ClCompile Include="..\..\..\..\..\cinder\Cinder\blocks\Box2D\src\Box2D\Dynamics\b2Fixture.cpp">
      <Filter>blocks\Box2D\src\Box2D\Dynamics</Filter>
    </ClCompile>
    <ClCompile Include="..\..\..\..\..\cinder\Cinder\blocks\Box2D\src\Box2D\Dynamics\b2Island.cpp">
      <Filter>blocks\Box2D\src\Box2D\Dynamics</Filter>
    </ClCompile>
    <ClCompile Include="..\..\..\..\..\cinder\Cinder\blocks\Box2D\src\Box2D\Dynamics\b2World.cpp">
      <Filter>blocks\Box2D\src\Box2D\Dynamics</Filter>
    </ClCompile>
    <ClCompile Include="..\..\..\..\..\cinder\Cinder\blocks\Box2D\src\Box2D\Dynamics\b2WorldCallbacks.cpp">
      <Filter>blocks\Box2D\src\Box2D\Dynamics</Filter>
    </ClCompile>
    <ClCompile Include="..\..\..\..\..\cinder\Cinder\blocks\Box2D\src\Box2D\Dynamics\Contacts\b2EdgeAndPolygonContact.cpp">
      <Filter>blocks\Box2D\src\Box2D\Dynamics\Contacts</Filter>
    </ClCompile>
    <ClCompile Include="..\..\..\..\..\cinder\Cinder\blocks\Box2D\src\Box2D\Dynamics\Contacts\b2PolygonAndCircleContact.cpp">
      <Filter>blocks\Box2D\src\Box2D\Dynamics\Contacts</Filter>
    </ClCompile>
    <ClCompile Include="..\..\..\..\..\cinder\Cinder\blocks\Box2D\src\Box2D\Dynamics\Contacts\b2PolygonContact.cpp">
      <Filter>blocks\Box2D\src\Box2D\Dynamics\Contacts</Filter>
    </ClCompile>
    <ClCompile Include="..\..\..\..\..\cinder\Cinder\blocks\Box2D\src\Box2D\Dynamics\Contacts\b2ChainAndCircleContact.cpp">
      <Filter>blocks\Box2D\src\Box2D\Dynamics\Contacts</Filter>
    </ClCompile>
    <ClCompile Include="..\..\..\..\..\cinder\Cinder\blocks\Box2D\src\Box2D\Dynamics\Contacts\b2ChainAndPolygonContact.cpp">
      <Filter>blocks\Box2D\src\Box2D\Dynamics\Contacts</Filter>
    </ClCompile>
    <ClCompile Include="..\..\..\..\..\cinder\Cinder\blocks\Box2D\src\Box2D\Dynamics\Contacts\b2CircleContact.cpp">
      <Filter>blocks\Box2D\src\Box2D\Dynamics\Contacts</Filter>
    </ClCompile>
    <ClCompile Include="..\..\..\..\..\cinder\Cinder\blocks\Box2D\src\Box2D\Dynamics\Contacts\b2Contact.cpp">
      <Filter>blocks\Box2D\src\Box2D\Dynamics\Contacts</Filter>
    </ClCompile>
    <ClCompile Include="..\..\..\..\..\cinder\Cinder\blocks\Box2D\src\Box2D\Dynamics\Contacts\b2ContactSolver.cpp">
      <Filter>blocks\Box2D\src\Box2D\Dynamics\Contacts</Filter>
    </ClCompile>
    <ClCompile Include="..\..\..\..\..\cinder\Cinder\blocks\Box2D\src\Box2D\Dynamics\Contacts\b2EdgeAndCircleContact.cpp">
      <Filter>blocks\Box2D\src\Box2D\Dynamics\Contacts</Filter>
    </ClCompile>
    <ClCompile Include="..\..\..\..\..\cinder\Cinder\blocks\Box2D\src\Box2D\Dynamics\Joints\b2RopeJoint.cpp">
      <Filter>blocks\Box2D\src\Box2D\Dynamics\Joints</Filter>
    </ClCompile>
    <ClCompile Include="..\..\..\..\..\cinder\Cinder\blocks\Box2D\src\Box2D\Dynamics\Joints\b2WeldJoint.cpp">
      <Filter>blocks\Box2D\src\Box2D\Dynamics\Joints</Filter>
    </ClCompile>
    <ClCompile Include="..\..\..\..\..\cinder\Cinder\blocks\Box2D\src\Box2D\Dynamics\Joints\b2WheelJoint.cpp">
      <Filter>blocks\Box2D\src\Box2D\Dynamics\Joints</Filter>
    </ClCompile>
    <ClCompile Include="..\..\..\..\..\cinder\Cinder\blocks\Box2D\src\Box2D\Dynamics\Joints\b2DistanceJoint.cpp">
      <Filter>blocks\Box2D\src\Box2D\Dynamics\Joints</Filter>
    </ClCompile>
    <ClCompile Include="..\..\..\..\..\cinder\Cinder\blocks\Box2D\src\Box2D\Dynamics\Joints\b2FrictionJoint.cpp">
      <Filter>blocks\Box2D\src\Box2D\Dynamics\Joints</Filter>
    </ClCompile>
    <ClCompile Include="..\..\..\..\..\cinder\Cinder\blocks\Box2D\src\Box2D\Dynamics\Joints\b2GearJoint.cpp">
      <Filter>blocks\Box2D\src\Box2D\Dynamics\Joints</Filter>
    </ClCompile>
    <ClCompile Include="..\..\..\..\..\cinder\Cinder\blocks\Box2D\src\Box2D\Dynamics\Joints\b2Joint.cpp">
      <Filter>blocks\Box2D\src\Box2D\Dynamics\Joints</Filter>
    </ClCompile>
    <ClCompile Include="..\..\..\..\..\cinder\Cinder\blocks\Box2D\src\Box2D\Dynamics\Joints\b2MouseJoint.cpp">
      <Filter>blocks\Box2D\src\Box2D\Dynamics\Joints</Filter>
    </ClCompile>
    <ClCompile Include="..\..\..\..\..\cinder\Cinder\blocks\Box2D\src\Box2D\Dynamics\Joints\b2PrismaticJoint.cpp">
      <Filter>blocks\Box2D\src\Box2D\Dynamics\Joints</Filter>
    </ClCompile>
    <ClCompile Include="..\..\..\..\..\cinder\Cinder\blocks\Box2D\src\Box2D\Dynamics\Joints\b2PulleyJoint.cpp">
      <Filter>blocks\Box2D\src\Box2D\Dynamics\Joints</Filter>
    </ClCompile>
    <ClCompile Include="..\..\..\..\..\cinder\Cinder\blocks\Box2D\src\Box2D\Dynamics\Joints\b2RevoluteJoint.cpp">
      <Filter>blocks\Box2D\src\Box2D\Dynamics\Joints</Filter>
    </ClCompile>
    <ClCompile Include="..\..\..\..\..\cinder\Cinder\blocks\Box2D\src\Box2D\Rope\b2Rope.cpp">
      <Filter>blocks\Box2D\src\Box2D\Rope</Filter>
    </ClCompile>
    <ClCompile Include="src\main.cpp">
      <Filter>Source Files</Filter>
    </ClCompile>
  </ItemGroup>
  <ItemGroup>
    <ClInclude Include="..\..\..\..\..\cinder\Cinder\blocks\Clipper\include\clipper.hpp">
      <Filter>blocks\Clipper\include</Filter>
    </ClInclude>
    <ClInclude Include="..\..\..\..\..\cinder\Cinder\blocks\Clipper\include\CinderClipper.h">
      <Filter>blocks\Clipper\include</Filter>
    </ClInclude>
    <ClInclude Include="..\..\..\..\..\cinder\Cinder\blocks\Box2D\src\Box2D\Collision\b2BroadPhase.h">
      <Filter>blocks\Box2D\src\Box2D\Collision</Filter>
    </ClInclude>
    <ClInclude Include="..\..\..\..\..\cinder\Cinder\blocks\Box2D\src\Box2D\Collision\b2Collision.h">
      <Filter>blocks\Box2D\src\Box2D\Collision</Filter>
    </ClInclude>
    <ClInclude Include="..\..\..\..\..\cinder\Cinder\blocks\Box2D\src\Box2D\Collision\b2Distance.h">
      <Filter>blocks\Box2D\src\Box2D\Collision</Filter>
    </ClInclude>
    <ClInclude Include="..\..\..\..\..\cinder\Cinder\blocks\Box2D\src\Box2D\Collision\b2DynamicTree.h">
      <Filter>blocks\Box2D\src\Box2D\Collision</Filter>
    </ClInclude>
    <ClInclude Include="..\..\..\..\..\cinder\Cinder\blocks\Box2D\src\Box2D\Collision\b2TimeOfImpact.h">
      <Filter>blocks\Box2D\src\Box2D\Collision</Filter>
    </ClInclude>
    <ClInclude Include="..\..\..\..\..\cinder\Cinder\blocks\Box2D\src\Box2D\Collision\Shapes\b2CircleShape.h">
      <Filter>blocks\Box2D\src\Box2D\Collision\Shapes</Filter>
    </ClInclude>
    <ClInclude Include="..\..\..\..\..\cinder\Cinder\blocks\Box2D\src\Box2D\Collision\Shapes\b2EdgeShape.h">
      <Filter>blocks\Box2D\src\Box2D\Collision\Shapes</Filter>
    </ClInclude>
    <ClInclude Include="..\..\..\..\..\cinder\Cinder\blocks\Box2D\src\Box2D\Collision\Shapes\b2PolygonShape.h">
      <Filter>blocks\Box2D\src\Box2D\Collision\Shapes</Filter>
    </ClInclude>
    <ClInclude Include="..\..\..\..\..\cinder\Cinder\blocks\Box2D\src\Box2D\Collision\Shapes\b2Shape.h">
      <Filter>blocks\Box2D\src\Box2D\Collision\Shapes</Filter>
    </ClInclude>
    <ClInclude Include="..\..\..\..\..\cinder\Cinder\blocks\Box2D\src\Box2D\Collision\Shapes\b2ChainShape.h">
      <Filter>blocks\Box2D\src\Box2D\Collision\Shapes</Filter>
    </ClInclude>
    <ClInclude Include="..\..\..\..\..\cinder\Cinder\blocks\Box2D\src\Box2D\Common\b2GrowableStack.h">
      <Filter>blocks\Box2D\src\Box2D\Common</Filter>
    </ClInclude>
    <ClInclude Include="..\..\..\..\..\cinder\Cinder\blocks\Box2D\src\Box2D\Common\b2Math.h">
      <Filter>blocks\Box2D\src\Box2D\Common</Filter>
    </ClInclude>
    <ClInclude Include="..\..\..\..\..\cinder\Cinder\blocks\Box2D\src\Box2D\Common\b2Settings.h">
      <Filter>blocks\Box2D\src\Box2D\Common</Filter>
    </ClInclude>
    <ClInclude Include="..\..\..\..\..\cinder\Cinder\blocks\Box2D\src\Box2D\Common\b2StackAllocator.h">
      <Filter>blocks\Box2D\src\Box2D\Common</Filter>
    </ClInclude>
    <ClInclude Include="..\..\..\..\..\cinder\Cinder\blocks\Box2D\src\Box2D\Common\b2Timer.h">
      <Filter>blocks\Box2D\src\Box2D\Common</Filter>
    </ClInclude>
    <ClInclude Include="..\..\..\..\..\cinder\Cinder\blocks\Box2D\src\Box2D\Common\b2BlockAllocator.h">
      <Filter>blocks\Box2D\src\Box2D\Common</Filter>
    </ClInclude>
    <ClInclude Include="..\..\..\..\..\cinder\Cinder\blocks\Box2D\src\Box2D\Common\b2Draw.h">
      <Filter>blocks\Box2D\src\Box2D\Common</Filter>
    </ClInclude>
    <ClInclude Include="..\..\..\..\..\cinder\Cinder\blocks\Box2D\src\Box2D\Dynamics\b2Body.h">
      <Filter>blocks\Box2D\src\Box2D\Dynamics</Filter>
    </ClInclude>
    <ClInclude Include="..\..\..\..\..\cinder\Cinder\blocks\Box2D\src\Box2D\Dynamics\b2ContactManager.h">
      <Filter>blocks\Box2D\src\Box2D\Dynamics</Filter>
    </ClInclude>
    <ClInclude Include="..\..\..\..\..\cinder\Cinder\blocks\Box2D\src\Box2D\Dynamics\b2Fixture.h">
      <Filter>blocks\Box2D\src\Box2D\Dynamics</Filter>
    </ClInclude>
    <ClInclude Include="..\..\..\..\..\cinder\Cinder\blocks\Box2D\src\Box2D\Dynamics\b2Island.h">
      <Filter>blocks\Box2D\src\Box2D\Dynamics</Filter>
    </ClInclude>
    <ClInclude Include="..\..\..\..\..\cinder\Cinder\blocks\Box2D\src\Box2D\Dynamics\b2TimeStep.h">
      <Filter>blocks\Box2D\src\Box2D\Dynamics</Filter>
    </ClInclude>
    <ClInclude Include="..\..\..\..\..\cinder\Cinder\blocks\Box2D\src\Box2D\Dynamics\b2World.h">
      <Filter>blocks\Box2D\src\Box2D\Dynamics</Filter>
    </ClInclude>
    <ClInclude Include="..\..\..\..\..\cinder\Cinder\blocks\Box2D\src\Box2D\Dynamics\b2WorldCallbacks.h">
      <Filter>blocks\Box2D\src\Box2D\Dynamics</Filter>
    </ClInclude>
    <ClInclude Include="..\..\..\..\..\cinder\Cinder\blocks\Box2D\src\Box2D\Dynamics\Contacts\b2EdgeAndPolygonContact.h">
      <Filter>blocks\Box2D\src\Box2D\Dynamics\Contacts</Filter>
    </ClInclude>
    <ClInclude Include="..\..\..\..\..\cinder\Cinder\blocks\Box2D\src\Box2D\Dynamics\Contacts\b2PolygonAndCircleContact.h">
      <Filter>blocks\Box2D\src\Box2D\Dynamics\Contacts</Filter>
    </ClInclude>
    <ClInclude Include="..\..\..\..\..\cinder\Cinder\blocks\Box2D\src\Box2D\Dynamics\Contacts\b2PolygonContact.h">
      <Filter>blocks\Box2D\src\Box2D\Dynamics\Contacts</Filter>
    </ClInclude>
    <ClInclude Include="..\..\..\..\..\cinder\Cinder\blocks\Box2D\src\Box2D\Dynamics\Contacts\b2ChainAndCircleContact.h">
      <Filter>blocks\Box2D\src\Box2D\Dynamics\Contacts</Filter>
    </ClInclude>
    <ClInclude Include="..\..\..\..\..\cinder\Cinder\blocks\Box2D\src\Box2D\Dynamics\Contacts\b2ChainAndPolygonContact.h">
      <Filter>blocks\Box2D\src\Box2D\Dynamics\Contacts</Filter>
    </ClInclude>
    <ClInclude Include="..\..\..\..\..\cinder\Cinder\blocks\Box2D\src\Box2D\Dynamics\Contacts\b2CircleContact.h">
      <Filter>blocks\Box2D\src\Box2D\Dynamics\Contacts</Filter>
    </ClInclude>
    <ClInclude Include="..\..\..\..\..\cinder\Cinder\blocks\Box2D\src\Box2D\Dynamics\Contacts\b2Contact.h">
      <Filter>blocks\Box2D\src\Box2D\Dynamics\Contacts</Filter>
    </ClInclude>
    <ClInclude Include="..\..\..\..\..\cinder\Cinder\blocks\Box2D\src\Box2D\Dynamics\Contacts\b2ContactSolver.h">
      <Filter>blocks\Box2D\src\Box2D\Dynamics\Contacts</Filter>
    </ClInclude>
    <ClInclude Include="..\..\..\..\..\cinder\Cinder\blocks\Box2D\src\Box2D\Dynamics\Contacts\b2EdgeAndCircleContact.h">
      <Filter>blocks\Box2D\src\Box2D\Dynamics\Contacts</Filter>
    </ClInclude>
    <ClInclude Include="..\..\..\..\..\cinder\Cinder\blocks\Box2D\src\Box2D\Dynamics\Joints\b2RopeJoint.h">
      <Filter>blocks\Box2D\src\Box2D\Dynamics\Joints</Filter>
    </ClInclude>
    <ClInclude Include="..\..\..\..\..\cinder\Cinder\blocks\Box2D\src\Box2D\Dynamics\Joints\b2WeldJoint.h">
      <Filter>blocks\Box2D\src\Box2D\Dynamics\Joints</Filter>
    </ClInclude>
    <ClInclude Include="..\..\..\..\..\cinder\Cinder\blocks\Box2D\src\Box2D\Dynamics\Joints\b2WheelJoint.h">
      <Filter>blocks\Box2D\src\Box2D\Dynamics\Joints</Filter>
    </ClInclude>
    <ClInclude Include="..\..\..\..\..\cinder\Cinder\blocks\Box2D\src\Box2D\Dynamics\Joints\b2DistanceJoint.h">
      <Filter>blocks\Box2D\src\Box2D\Dynamics\Joints</Filter>
    </ClInclude>
    <ClInclude Include="..\..\..\..\..\cinder\Cinder\blocks\Box2D\src\Box2D\Dynamics\Joints\b2FrictionJoint.h">
      <Filter>blocks\Box2D\src\Box2D\Dynamics\Joints</Filter>
    </ClInclude>
    <ClInclude Include="..\..\..\..\..\cinder\Cinder\blocks\Box2D\src\Box2D\Dynamics\Joints\b2GearJoint.h">
      <Filter>blocks\Box2D\src\Box2D\Dynamics\Joints</Filter>
    </ClInclude>
    <ClInclude Include="..\..\..\..\..\cinder\Cinder\blocks\Box2D\src\Box2D\Dynamics\Joints\b2Joint.h">
      <Filter>blocks\Box2D\src\Box2D\Dynamics\Joints</Filter>
    </ClInclude>
    <ClInclude Include="..\..\..\..\..\cinder\Cinder\blocks\Box2D\src\Box2D\Dynamics\Joints\b2MouseJoint.h">
      <Filter>blocks\Box2D\src\Box2D\Dynamics\Joints</Filter>
    </ClInclude>
    <ClInclude Include="..\..\..\..\..\cinder\Cinder\blocks\Box2D\src\Box2D\Dynamics\Joints\b2PrismaticJoint.h">
      <Filter>blocks\Box2D\src\Box2D\Dynamics\Joints</Filter>
    </ClInclude>
    <ClInclude Include="..\..\..\..\..\cinder\Cinder\blocks\Box2D\src\Box2D\Dynamics\Joints\b2PulleyJoint.h">
      <Filter>blocks\Box2D\src\Box2D\Dynamics\Joints</Filter>
    </ClInclude>
    <ClInclude Include="..\..\..\..\..\cinder\Cinder\blocks\Box2D\src\Box2D\Dynamics\Joints\b2RevoluteJoint.h">
      <Filter>blocks\Box2D\src\Box2D\Dynamics\Joints</Filter>
    </ClInclude>
    <ClInclude Include="..\..\..\..\..\cinder\Cinder\blocks\Box2D\src\Box2D\Rope\b2Rope.h">
      <Filter>blocks\Box2D\src\Box2D\Rope</Filter>
    </ClInclude>
    <ClInclude Include="..\..\..\..\..\cinder\Cinder\blocks\Box2D\src\Box2D\Box2D.h">
      <Filter>blocks\Box2D\src\Box2D</Filter>
    </ClInclude>
  </ItemGroup>
</Project>